
Microsoft Visual Studio Solution File, Format Version 12.00
# Visual Studio Version 17
VisualStudioVersion = 17.4.33213.308
MinimumVisualStudioVersion = 10.0.40219.1
Project("{FAE04EC0-301F-11D3-BF4B-00C04F79EFBC}") = "Test_Task_WPF", "Test_Task_WPF.csproj", "{8A1588AE-1D37-4BCB-B27D-59C074722C28}"
EndProject
Global
	GlobalSection(SolutionConfigurationPlatforms) = preSolution
		Debug|Any CPU = Debug|Any CPU
		Release|Any CPU = Release|Any CPU
	EndGlobalSection
	GlobalSection(ProjectConfigurationPlatforms) = postSolution
		{8A1588AE-1D37-4BCB-B27D-59C074722C28}.Debug|Any CPU.ActiveCfg = Debug|Any CPU
		{8A1588AE-1D37-4BCB-B27D-59C074722C28}.Debug|Any CPU.Build.0 = Debug|Any CPU
		{8A1588AE-1D37-4BCB-B27D-59C074722C28}.Release|Any CPU.ActiveCfg = Release|Any CPU
		{8A1588AE-1D37-4BCB-B27D-59C074722C28}.Release|Any CPU.Build.0 = Release|Any CPU
	EndGlobalSection
	GlobalSection(SolutionProperties) = preSolution
		HideSolutionNode = FALSE
	EndGlobalSection
	GlobalSection(ExtensibilityGlobals) = postSolution
		SolutionGuid = {DD814EA6-D7DC-4D85-AFC4-ED05E0FB3ADB}
	EndGlobalSection
EndGlobal
